
Microsoft Visual Studio Solution File, Format Version 12.00
# Visual Studio 15
VisualStudioVersion = 15.0.28307.1022
MinimumVisualStudioVersion = 10.0.40219.1
Project("{FAE04EC0-301F-11D3-BF4B-00C04F79EFBC}") = "CalculoImposto", "CalculoImposto\CalculoImposto.csproj", "{0789DA8E-4659-41EA-9259-76E68D99C6CE}"
EndProject
Global
	GlobalSection(SolutionConfigurationPlatforms) = preSolution
		Debug|Any CPU = Debug|Any CPU
		Release|Any CPU = Release|Any CPU
	EndGlobalSection
	GlobalSection(ProjectConfigurationPlatforms) = postSolution
		{0789DA8E-4659-41EA-9259-76E68D99C6CE}.Debug|Any CPU.ActiveCfg = Debug|Any CPU
		{0789DA8E-4659-41EA-9259-76E68D99C6CE}.Debug|Any CPU.Build.0 = Debug|Any CPU
		{0789DA8E-4659-41EA-9259-76E68D99C6CE}.Release|Any CPU.ActiveCfg = Release|Any CPU
		{0789DA8E-4659-41EA-9259-76E68D99C6CE}.Release|Any CPU.Build.0 = Release|Any CPU
	EndGlobalSection
	GlobalSection(SolutionProperties) = preSolution
		HideSolutionNode = FALSE
	EndGlobalSection
	GlobalSection(ExtensibilityGlobals) = postSolution
		SolutionGuid = {E2E8C46C-D82E-45E2-826B-7E89A81E708E}
	EndGlobalSection
EndGlobal
